# This file is generated by running "yarn install" inside your project.
# Manual changes might be lost - proceed with caution!

__metadata:
  version: 8
  cacheKey: 10c0

"@asgerf/dts-tree-sitter@npm:0.21.0":
  version: 0.21.0
  resolution: "@asgerf/dts-tree-sitter@npm:0.21.0"
  dependencies:
    tree-sitter: "npm:^0.21.1"
  bin:
    dts-tree-sitter: build/src/index.js
  checksum: 10c0/c3b19ffcb29f0c7803f25da3b13a58d587b6473fc5c9f5153b583b9b02ed23c7c07d91274effe16fe7472d3aec94016960368dcd7d0a3a3453150638c31aa26d
  languageName: node
  linkType: hard

"@esbuild/aix-ppc64@npm:0.27.7":
  version: 0.27.7
  resolution: "@esbuild/aix-ppc64@npm:0.27.7"
  conditions: os=aix & cpu=ppc64
  languageName: node
  linkType: hard

"@esbuild/android-arm64@npm:0.27.7":
  version: 0.27.7
  resolution: "@esbuild/android-arm64@npm:0.27.7"
  conditions: os=android & cpu=arm64
  languageName: node
  linkType: hard

"@esbuild/android-arm@npm:0.27.7":
  version: 0.27.7
  resolution: "@esbuild/android-arm@npm:0.27.7"
  conditions: os=android & cpu=arm
  languageName: node
  linkType: hard

"@esbuild/android-x64@npm:0.27.7":
  version: 0.27.7
  resolution: "@esbuild/android-x64@npm:0.27.7"
  conditions: os=android & cpu=x64
  languageName: node
  linkType: hard

"@esbuild/darwin-arm64@npm:0.27.7":
  version: 0.27.7
  resolution: "@esbuild/darwin-arm64@npm:0.27.7"
  conditions: os=darwin & cpu=arm64
  languageName: node
  linkType: hard

"@esbuild/darwin-x64@npm:0.27.7":
  version: 0.27.7
  resolution: "@esbuild/darwin-x64@npm:0.27.7"
  conditions: os=darwin & cpu=x64
  languageName: node
  linkType: hard

"@esbuild/freebsd-arm64@npm:0.27.7":
  version: 0.27.7
  resolution: "@esbuild/freebsd-arm64@npm:0.27.7"
  conditions: os=freebsd & cpu=arm64
  languageName: node
  linkType: hard

"@esbuild/freebsd-x64@npm:0.27.7":
  version: 0.27.7
  resolution: "@esbuild/freebsd-x64@npm:0.27.7"
  conditions: os=freebsd & cpu=x64
  languageName: node
  linkType: hard

"@esbuild/linux-arm64@npm:0.27.7":
  version: 0.27.7
  resolution: "@esbuild/linux-arm64@npm:0.27.7"
  conditions: os=linux & cpu=arm64
  languageName: node
  linkType: hard

"@esbuild/linux-arm@npm:0.27.7":
  version: 0.27.7
  resolution: "@esbuild/linux-arm@npm:0.27.7"
  conditions: os=linux & cpu=arm
  languageName: node
  linkType: hard

"@esbuild/linux-ia32@npm:0.27.7":
  version: 0.27.7
  resolution: "@esbuild/linux-ia32@npm:0.27.7"
  conditions: os=linux & cpu=ia32
  languageName: node
  linkType: hard

"@esbuild/linux-loong64@npm:0.27.7":
  version: 0.27.7
  resolution: "@esbuild/linux-loong64@npm:0.27.7"
  conditions: os=linux & cpu=loong64
  languageName: node
  linkType: hard

"@esbuild/linux-mips64el@npm:0.27.7":
  version: 0.27.7
  resolution: "@esbuild/linux-mips64el@npm:0.27.7"
  conditions: os=linux & cpu=mips64el
  languageName: node
  linkType: hard

"@esbuild/linux-ppc64@npm:0.27.7":
  version: 0.27.7
  resolution: "@esbuild/linux-ppc64@npm:0.27.7"
  conditions: os=linux & cpu=ppc64
  languageName: node
  linkType: hard

"@esbuild/linux-riscv64@npm:0.27.7":
  version: 0.27.7
  resolution: "@esbuild/linux-riscv64@npm:0.27.7"
  conditions: os=linux & cpu=riscv64
  languageName: node
  linkType: hard

"@esbuild/linux-s390x@npm:0.27.7":
  version: 0.27.7
  resolution: "@esbuild/linux-s390x@npm:0.27.7"
  conditions: os=linux & cpu=s390x
  languageName: node
  linkType: hard

"@esbuild/linux-x64@npm:0.27.7":
  version: 0.27.7
  resolution: "@esbuild/linux-x64@npm:0.27.7"
  conditions: os=linux & cpu=x64
  languageName: node
  linkType: hard

"@esbuild/netbsd-arm64@npm:0.27.7":
  version: 0.27.7
  resolution: "@esbuild/netbsd-arm64@npm:0.27.7"
  conditions: os=netbsd & cpu=arm64
  languageName: node
  linkType: hard

"@esbuild/netbsd-x64@npm:0.27.7":
  version: 0.27.7
  resolution: "@esbuild/netbsd-x64@npm:0.27.7"
  conditions: os=netbsd & cpu=x64
  languageName: node
  linkType: hard

"@esbuild/openbsd-arm64@npm:0.27.7":
  version: 0.27.7
  resolution: "@esbuild/openbsd-arm64@npm:0.27.7"
  conditions: os=openbsd & cpu=arm64
  languageName: node
  linkType: hard

"@esbuild/openbsd-x64@npm:0.27.7":
  version: 0.27.7
  resolution: "@esbuild/openbsd-x64@npm:0.27.7"
  conditions: os=openbsd & cpu=x64
  languageName: node
  linkType: hard

"@esbuild/openharmony-arm64@npm:0.27.7":
  version: 0.27.7
  resolution: "@esbuild/openharmony-arm64@npm:0.27.7"
  conditions: os=openharmony & cpu=arm64
  languageName: node
  linkType: hard

"@esbuild/sunos-x64@npm:0.27.7":
  version: 0.27.7
  resolution: "@esbuild/sunos-x64@npm:0.27.7"
  conditions: os=sunos & cpu=x64
  languageName: node
  linkType: hard

"@esbuild/win32-arm64@npm:0.27.7":
  version: 0.27.7
  resolution: "@esbuild/win32-arm64@npm:0.27.7"
  conditions: os=win32 & cpu=arm64
  languageName: node
  linkType: hard

"@esbuild/win32-ia32@npm:0.27.7":
  version: 0.27.7
  resolution: "@esbuild/win32-ia32@npm:0.27.7"
  conditions: os=win32 & cpu=ia32
  languageName: node
  linkType: hard

"@esbuild/win32-x64@npm:0.27.7":
  version: 0.27.7
  resolution: "@esbuild/win32-x64@npm:0.27.7"
  conditions: os=win32 & cpu=x64
  languageName: node
  linkType: hard

"@eslint-community/eslint-utils@npm:^4.9.1":
  version: 4.9.1
  resolution: "@eslint-community/eslint-utils@npm:4.9.1"
  dependencies:
    eslint-visitor-keys: "npm:^3.4.3"
  peerDependencies:
    eslint: ^6.0.0 || ^7.0.0 || >=8.0.0
  checksum: 10c0/dc4ab5e3e364ef27e33666b11f4b86e1a6c1d7cbf16f0c6ff87b1619b3562335e9201a3d6ce806221887ff780ec9d828962a290bb910759fd40a674686503f02
  languageName: node
  linkType: hard

"@eslint-community/regexpp@npm:^4.12.2":
  version: 4.12.2
  resolution: "@eslint-community/regexpp@npm:4.12.2"
  checksum: 10c0/fddcbc66851b308478d04e302a4d771d6917a0b3740dc351513c0da9ca2eab8a1adf99f5e0aa7ab8b13fa0df005c81adeee7e63a92f3effd7d367a163b721c2d
  languageName: node
  linkType: hard

"@getodk/tree-sitter-xpath@workspace:.":
  version: 0.0.0-use.local
  resolution: "@getodk/tree-sitter-xpath@workspace:."
  dependencies:
    "@asgerf/dts-tree-sitter": "npm:0.21.0"
    "@types/node": "npm:^24.10.1"
    npm-run-all2: "npm:^8.0.4"
    tree-sitter: "npm:0.22.1"
    tree-sitter-cli: "npm:0.24.5"
    typescript: "npm:~5.9.3"
    typescript-eslint: "npm:^8.57.0"
    vite: "npm:^7.3.1"
    vite-plugin-static-copy: "npm:^3.2.0"
    web-tree-sitter: "npm:0.24.5"
  peerDependencies:
    web-tree-sitter: 0.24.5
  dependenciesMeta:
    tree-sitter:
      built: true
    tree-sitter-cli:
      built: true
  languageName: unknown
  linkType: soft

"@isaacs/fs-minipass@npm:^4.0.0":
  version: 4.0.1
  resolution: "@isaacs/fs-minipass@npm:4.0.1"
  dependencies:
    minipass: "npm:^7.0.4"
  checksum: 10c0/c25b6dc1598790d5b55c0947a9b7d111cfa92594db5296c3b907e2f533c033666f692a3939eadac17b1c7c40d362d0b0635dc874cbfe3e70db7c2b07cc97a5d2
  languageName: node
  linkType: hard

"@rollup/rollup-android-arm-eabi@npm:4.60.2":
  version: 4.60.2
  resolution: "@rollup/rollup-android-arm-eabi@npm:4.60.2"
  conditions: os=android & cpu=arm
  languageName: node
  linkType: hard

"@rollup/rollup-android-arm64@npm:4.60.2":
  version: 4.60.2
  resolution: "@rollup/rollup-android-arm64@npm:4.60.2"
  conditions: os=android & cpu=arm64
  languageName: node
  linkType: hard

"@rollup/rollup-darwin-arm64@npm:4.60.2":
  version: 4.60.2
  resolution: "@rollup/rollup-darwin-arm64@npm:4.60.2"
  conditions: os=darwin & cpu=arm64
  languageName: node
  linkType: hard

"@rollup/rollup-darwin-x64@npm:4.60.2":
  version: 4.60.2
  resolution: "@rollup/rollup-darwin-x64@npm:4.60.2"
  conditions: os=darwin & cpu=x64
  languageName: node
  linkType: hard

"@rollup/rollup-freebsd-arm64@npm:4.60.2":
  version: 4.60.2
  resolution: "@rollup/rollup-freebsd-arm64@npm:4.60.2"
  conditions: os=freebsd & cpu=arm64
  languageName: node
  linkType: hard

"@rollup/rollup-freebsd-x64@npm:4.60.2":
  version: 4.60.2
  resolution: "@rollup/rollup-freebsd-x64@npm:4.60.2"
  conditions: os=freebsd & cpu=x64
  languageName: node
  linkType: hard

"@rollup/rollup-linux-arm-gnueabihf@npm:4.60.2":
  version: 4.60.2
  resolution: "@rollup/rollup-linux-arm-gnueabihf@npm:4.60.2"
  conditions: os=linux & cpu=arm & libc=glibc
  languageName: node
  linkType: hard

"@rollup/rollup-linux-arm-musleabihf@npm:4.60.2":
  version: 4.60.2
  resolution: "@rollup/rollup-linux-arm-musleabihf@npm:4.60.2"
  conditions: os=linux & cpu=arm & libc=musl
  languageName: node
  linkType: hard

"@rollup/rollup-linux-arm64-gnu@npm:4.60.2":
  version: 4.60.2
  resolution: "@rollup/rollup-linux-arm64-gnu@npm:4.60.2"
  conditions: os=linux & cpu=arm64 & libc=glibc
  languageName: node
  linkType: hard

"@rollup/rollup-linux-arm64-musl@npm:4.60.2":
  version: 4.60.2
  resolution: "@rollup/rollup-linux-arm64-musl@npm:4.60.2"
  conditions: os=linux & cpu=arm64 & libc=musl
  languageName: node
  linkType: hard

"@rollup/rollup-linux-loong64-gnu@npm:4.60.2":
  version: 4.60.2
  resolution: "@rollup/rollup-linux-loong64-gnu@npm:4.60.2"
  conditions: os=linux & cpu=loong64 & libc=glibc
  languageName: node
  linkType: hard

"@rollup/rollup-linux-loong64-musl@npm:4.60.2":
  version: 4.60.2
  resolution: "@rollup/rollup-linux-loong64-musl@npm:4.60.2"
  conditions: os=linux & cpu=loong64 & libc=musl
  languageName: node
  linkType: hard

"@rollup/rollup-linux-ppc64-gnu@npm:4.60.2":
  version: 4.60.2
  resolution: "@rollup/rollup-linux-ppc64-gnu@npm:4.60.2"
  conditions: os=linux & cpu=ppc64 & libc=glibc
  languageName: node
  linkType: hard

"@rollup/rollup-linux-ppc64-musl@npm:4.60.2":
  version: 4.60.2
  resolution: "@rollup/rollup-linux-ppc64-musl@npm:4.60.2"
  conditions: os=linux & cpu=ppc64 & libc=musl
  languageName: node
  linkType: hard

"@rollup/rollup-linux-riscv64-gnu@npm:4.60.2":
  version: 4.60.2
  resolution: "@rollup/rollup-linux-riscv64-gnu@npm:4.60.2"
  conditions: os=linux & cpu=riscv64 & libc=glibc
  languageName: node
  linkType: hard

"@rollup/rollup-linux-riscv64-musl@npm:4.60.2":
  version: 4.60.2
  resolution: "@rollup/rollup-linux-riscv64-musl@npm:4.60.2"
  conditions: os=linux & cpu=riscv64 & libc=musl
  languageName: node
  linkType: hard

"@rollup/rollup-linux-s390x-gnu@npm:4.60.2":
  version: 4.60.2
  resolution: "@rollup/rollup-linux-s390x-gnu@npm:4.60.2"
  conditions: os=linux & cpu=s390x & libc=glibc
  languageName: node
  linkType: hard

"@rollup/rollup-linux-x64-gnu@npm:4.60.2":
  version: 4.60.2
  resolution: "@rollup/rollup-linux-x64-gnu@npm:4.60.2"
  conditions: os=linux & cpu=x64 & libc=glibc
  languageName: node
  linkType: hard

"@rollup/rollup-linux-x64-musl@npm:4.60.2":
  version: 4.60.2
  resolution: "@rollup/rollup-linux-x64-musl@npm:4.60.2"
  conditions: os=linux & cpu=x64 & libc=musl
  languageName: node
  linkType: hard

"@rollup/rollup-openbsd-x64@npm:4.60.2":
  version: 4.60.2
  resolution: "@rollup/rollup-openbsd-x64@npm:4.60.2"
  conditions: os=openbsd & cpu=x64
  languageName: node
  linkType: hard

"@rollup/rollup-openharmony-arm64@npm:4.60.2":
  version: 4.60.2
  resolution: "@rollup/rollup-openharmony-arm64@npm:4.60.2"
  conditions: os=openharmony & cpu=arm64
  languageName: node
  linkType: hard

"@rollup/rollup-win32-arm64-msvc@npm:4.60.2":
  version: 4.60.2
  resolution: "@rollup/rollup-win32-arm64-msvc@npm:4.60.2"
  conditions: os=win32 & cpu=arm64
  languageName: node
  linkType: hard

"@rollup/rollup-win32-ia32-msvc@npm:4.60.2":
  version: 4.60.2
  resolution: "@rollup/rollup-win32-ia32-msvc@npm:4.60.2"
  conditions: os=win32 & cpu=ia32
  languageName: node
  linkType: hard

"@rollup/rollup-win32-x64-gnu@npm:4.60.2":
  version: 4.60.2
  resolution: "@rollup/rollup-win32-x64-gnu@npm:4.60.2"
  conditions: os=win32 & cpu=x64
  languageName: node
  linkType: hard

"@rollup/rollup-win32-x64-msvc@npm:4.60.2":
  version: 4.60.2
  resolution: "@rollup/rollup-win32-x64-msvc@npm:4.60.2"
  conditions: os=win32 & cpu=x64
  languageName: node
  linkType: hard

"@types/estree@npm:1.0.8":
  version: 1.0.8
  resolution: "@types/estree@npm:1.0.8"
  checksum: 10c0/39d34d1afaa338ab9763f37ad6066e3f349444f9052b9676a7cc0252ef9485a41c6d81c9c4e0d26e9077993354edf25efc853f3224dd4b447175ef62bdcc86a5
  languageName: node
  linkType: hard

"@types/node@npm:^24.10.1":
  version: 24.12.2
  resolution: "@types/node@npm:24.12.2"
  dependencies:
    undici-types: "npm:~7.16.0"
  checksum: 10c0/710050c42f89075c4479e4e1e4c2532486b0c41b1e2a8a13ad88641c88b88cdaea87414e19224f30028719737bd70e327edcaa184d50e86b9418941edd7eb02b
  languageName: node
  linkType: hard

"@typescript-eslint/eslint-plugin@npm:8.59.0":
  version: 8.59.0
  resolution: "@typescript-eslint/eslint-plugin@npm:8.59.0"
  dependencies:
    "@eslint-community/regexpp": "npm:^4.12.2"
    "@typescript-eslint/scope-manager": "npm:8.59.0"
    "@typescript-eslint/type-utils": "npm:8.59.0"
    "@typescript-eslint/utils": "npm:8.59.0"
    "@typescript-eslint/visitor-keys": "npm:8.59.0"
    ignore: "npm:^7.0.5"
    natural-compare: "npm:^1.4.0"
    ts-api-utils: "npm:^2.5.0"
  peerDependencies:
    "@typescript-eslint/parser": ^8.59.0
    eslint: ^8.57.0 || ^9.0.0 || ^10.0.0
    typescript: ">=4.8.4 <6.1.0"
  checksum: 10c0/f98171ecad6a5106fe978df155f4b65a72dfdadfcd663651b633b61480b543e74796baa224a1393e323f9514901604fe6302323c4b80b79f7a98512a01bc6461
  languageName: node
  linkType: hard

"@typescript-eslint/parser@npm:8.59.0":
  version: 8.59.0
  resolution: "@typescript-eslint/parser@npm:8.59.0"
  dependencies:
    "@typescript-eslint/scope-manager": "npm:8.59.0"
    "@typescript-eslint/types": "npm:8.59.0"
    "@typescript-eslint/typescript-estree": "npm:8.59.0"
    "@typescript-eslint/visitor-keys": "npm:8.59.0"
    debug: "npm:^4.4.3"
  peerDependencies:
    eslint: ^8.57.0 || ^9.0.0 || ^10.0.0
    typescript: ">=4.8.4 <6.1.0"
  checksum: 10c0/996a7b43f8a515ebbd06455c9f53065c561c8519bc4f634d6783b92832aa69e47945478d1601a87582f9f7b303becc172d5d7f776e201b2a2d375bc762ad4015
  languageName: node
  linkType: hard

"@typescript-eslint/project-service@npm:8.59.0":
  version: 8.59.0
  resolution: "@typescript-eslint/project-service@npm:8.59.0"
  dependencies:
    "@typescript-eslint/tsconfig-utils": "npm:^8.59.0"
    "@typescript-eslint/types": "npm:^8.59.0"
    debug: "npm:^4.4.3"
  peerDependencies:
    typescript: ">=4.8.4 <6.1.0"
  checksum: 10c0/ffba9595a427235bbeb0e5c7db3486f8d01dd8f8686964b4f82084e82008c49b897d01c4d331f33a9ce29edae70a9286f6fdedec4bf9037d732d9c9e86ebc7ea
  languageName: node
  linkType: hard

"@typescript-eslint/scope-manager@npm:8.59.0":
  version: 8.59.0
  resolution: "@typescript-eslint/scope-manager@npm:8.59.0"
  dependencies:
    "@typescript-eslint/types": "npm:8.59.0"
    "@typescript-eslint/visitor-keys": "npm:8.59.0"
  checksum: 10c0/d372f08be190d01e6d237932dc0d77808a9dc0a34fe8f690a3eac496d6e2f93c030c6ccb5000b35e825a6cfc4d9ca69a00f2ccda334115a9865a9d02cd603e52
  languageName: node
  linkType: hard

"@typescript-eslint/tsconfig-utils@npm:8.59.0, @typescript-eslint/tsconfig-utils@npm:^8.59.0":
  version: 8.59.0
  resolution: "@typescript-eslint/tsconfig-utils@npm:8.59.0"
  peerDependencies:
    typescript: ">=4.8.4 <6.1.0"
  checksum: 10c0/ab482c22f23774d24b3048c9fcdc5e0b94137064b3af901f4b0327da2270c2b2961c19165ccf8bdeaedfa83138be98c5cd8edcdc89deb6187baf6438cd8584b0
  languageName: node
  linkType: hard

"@typescript-eslint/type-utils@npm:8.59.0":
  version: 8.59.0
  resolution: "@typescript-eslint/type-utils@npm:8.59.0"
  dependencies:
    "@typescript-eslint/types": "npm:8.59.0"
    "@typescript-eslint/typescript-estree": "npm:8.59.0"
    "@typescript-eslint/utils": "npm:8.59.0"
    debug: "npm:^4.4.3"
    ts-api-utils: "npm:^2.5.0"
  peerDependencies:
    eslint: ^8.57.0 || ^9.0.0 || ^10.0.0
    typescript: ">=4.8.4 <6.1.0"
  checksum: 10c0/e2f2176a9bce81c19b53accf4e9189c60b1b84717cf129a6d003a2271019e30d410d2ccdc0fc6a37cbb8274a1b297d7d30a116189110f9d24a86391ee24a9fef
  languageName: node
  linkType: hard

"@typescript-eslint/types@npm:8.59.0, @typescript-eslint/types@npm:^8.59.0":
  version: 8.59.0
  resolution: "@typescript-eslint/types@npm:8.59.0"
  checksum: 10c0/2750b1e21290dffe90a424fe05c2bab701f60a7b51b5e0921ed14bb1a5fc29ff3fe8f286817d2287e93ff78e33e6626f6ce26d0bc79a729bd608deda77a9bdde
  languageName: node
  linkType: hard

"@typescript-eslint/typescript-estree@npm:8.59.0":
  version: 8.59.0
  resolution: "@typescript-eslint/typescript-estree@npm:8.59.0"
  dependencies:
    "@typescript-eslint/project-service": "npm:8.59.0"
    "@typescript-eslint/tsconfig-utils": "npm:8.59.0"
    "@typescript-eslint/types": "npm:8.59.0"
    "@typescript-eslint/visitor-keys": "npm:8.59.0"
    debug: "npm:^4.4.3"
    minimatch: "npm:^10.2.2"
    semver: "npm:^7.7.3"
    tinyglobby: "npm:^0.2.15"
    ts-api-utils: "npm:^2.5.0"
  peerDependencies:
    typescript: ">=4.8.4 <6.1.0"
  checksum: 10c0/82d3dfb4de591d9a39d2c4dafc13f14b4940f5b116fb3db311935137aa7e34c9dce3209aaeace118070847b2355df7c185ff1e0f2a36232c3aea9b5fa2652f98
  languageName: node
  linkType: hard

"@typescript-eslint/utils@npm:8.59.0":
  version: 8.59.0
  resolution: "@typescript-eslint/utils@npm:8.59.0"
  dependencies:
    "@eslint-community/eslint-utils": "npm:^4.9.1"
    "@typescript-eslint/scope-manager": "npm:8.59.0"
    "@typescript-eslint/types": "npm:8.59.0"
    "@typescript-eslint/typescript-estree": "npm:8.59.0"
  peerDependencies:
    eslint: ^8.57.0 || ^9.0.0 || ^10.0.0
    typescript: ">=4.8.4 <6.1.0"
  checksum: 10c0/eca4e5a18ae8e8c4360b05758fa142465daef3a9dffe4d78b15607b4680698eece96f899bce1e8d83427da74ddfbca80a95456727b8b9239816528978180b047
  languageName: node
  linkType: hard

"@typescript-eslint/visitor-keys@npm:8.59.0":
  version: 8.59.0
  resolution: "@typescript-eslint/visitor-keys@npm:8.59.0"
  dependencies:
    "@typescript-eslint/types": "npm:8.59.0"
    eslint-visitor-keys: "npm:^5.0.0"
  checksum: 10c0/09ec24c9c9d0a3ccb57bb2ab3dfd8deca124339aba6621503285c22765a4dfc89bf3d31e337dd647b1cdf89bac384e3a62e0f5b8c1d5a93d16d1f417144e3226
  languageName: node
  linkType: hard

"abbrev@npm:^4.0.0":
  version: 4.0.0
  resolution: "abbrev@npm:4.0.0"
  checksum: 10c0/b4cc16935235e80702fc90192e349e32f8ef0ed151ef506aa78c81a7c455ec18375c4125414b99f84b2e055199d66383e787675f0bcd87da7a4dbd59f9eac1d5
  languageName: node
  linkType: hard

"ansi-styles@npm:^6.2.1":
  version: 6.2.3
  resolution: "ansi-styles@npm:6.2.3"
  checksum: 10c0/23b8a4ce14e18fb854693b95351e286b771d23d8844057ed2e7d083cd3e708376c3323707ec6a24365f7d7eda3ca00327fe04092e29e551499ec4c8b7bfac868
  languageName: node
  linkType: hard

"anymatch@npm:~3.1.2":
  version: 3.1.3
  resolution: "anymatch@npm:3.1.3"
  dependencies:
    normalize-path: "npm:^3.0.0"
    picomatch: "npm:^2.0.4"
  checksum: 10c0/57b06ae984bc32a0d22592c87384cd88fe4511b1dd7581497831c56d41939c8a001b28e7b853e1450f2bf61992dfcaa8ae2d0d161a0a90c4fb631ef07098fbac
  languageName: node
  linkType: hard

"balanced-match@npm:^4.0.2":
  version: 4.0.4
  resolution: "balanced-match@npm:4.0.4"
  checksum: 10c0/07e86102a3eb2ee2a6a1a89164f29d0dbaebd28f2ca3f5ca786f36b8b23d9e417eb3be45a4acf754f837be5ac0a2317de90d3fcb7f4f4dc95720a1f36b26a17b
  languageName: node
  linkType: hard

"binary-extensions@npm:^2.0.0":
  version: 2.3.0
  resolution: "binary-extensions@npm:2.3.0"
  checksum: 10c0/75a59cafc10fb12a11d510e77110c6c7ae3f4ca22463d52487709ca7f18f69d886aa387557cc9864fbdb10153d0bdb4caacabf11541f55e89ed6e18d12ece2b5
  languageName: node
  linkType: hard

"brace-expansion@npm:^5.0.5":
  version: 5.0.5
  resolution: "brace-expansion@npm:5.0.5"
  dependencies:
    balanced-match: "npm:^4.0.2"
  checksum: 10c0/4d238e14ed4f5cc9c07285550a41cef23121ca08ba99fa9eb5b55b580dcb6bf868b8210aa10526bdc9f8dc97f33ca2a7259039c4cc131a93042beddb424c48e3
  languageName: node
  linkType: hard

"braces@npm:~3.0.2":
  version: 3.0.3
  resolution: "braces@npm:3.0.3"
  dependencies:
    fill-range: "npm:^7.1.1"
  checksum: 10c0/7c6dfd30c338d2997ba77500539227b9d1f85e388a5f43220865201e407e076783d0881f2d297b9f80951b4c957fcf0b51c1d2d24227631643c3f7c284b0aa04
  languageName: node
  linkType: hard

"chokidar@npm:^3.6.0":
  version: 3.6.0
  resolution: "chokidar@npm:3.6.0"
  dependencies:
    anymatch: "npm:~3.1.2"
    braces: "npm:~3.0.2"
    fsevents: "npm:~2.3.2"
    glob-parent: "npm:~5.1.2"
    is-binary-path: "npm:~2.1.0"
    is-glob: "npm:~4.0.1"
    normalize-path: "npm:~3.0.0"
    readdirp: "npm:~3.6.0"
  dependenciesMeta:
    fsevents:
      optional: true
  checksum: 10c0/8361dcd013f2ddbe260eacb1f3cb2f2c6f2b0ad118708a343a5ed8158941a39cb8fb1d272e0f389712e74ee90ce8ba864eece9e0e62b9705cb468a2f6d917462
  languageName: node
  linkType: hard

"chownr@npm:^3.0.0":
  version: 3.0.0
  resolution: "chownr@npm:3.0.0"
  checksum: 10c0/43925b87700f7e3893296c8e9c56cc58f926411cce3a6e5898136daaf08f08b9a8eb76d37d3267e707d0dcc17aed2e2ebdf5848c0c3ce95cf910a919935c1b10
  languageName: node
  linkType: hard

"cross-spawn@npm:^7.0.6":
  version: 7.0.6
  resolution: "cross-spawn@npm:7.0.6"
  dependencies:
    path-key: "npm:^3.1.0"
    shebang-command: "npm:^2.0.0"
    which: "npm:^2.0.1"
  checksum: 10c0/053ea8b2135caff68a9e81470e845613e374e7309a47731e81639de3eaeb90c3d01af0e0b44d2ab9d50b43467223b88567dfeb3262db942dc063b9976718ffc1
  languageName: node
  linkType: hard

"debug@npm:^4.4.3":
  version: 4.4.3
  resolution: "debug@npm:4.4.3"
  dependencies:
    ms: "npm:^2.1.3"
  peerDependenciesMeta:
    supports-color:
      optional: true
  checksum: 10c0/d79136ec6c83ecbefd0f6a5593da6a9c91ec4d7ddc4b54c883d6e71ec9accb5f67a1a5e96d00a328196b5b5c86d365e98d8a3a70856aaf16b4e7b1985e67f5a6
  languageName: node
  linkType: hard

"env-paths@npm:^2.2.0":
  version: 2.2.1
  resolution: "env-paths@npm:2.2.1"
  checksum: 10c0/285325677bf00e30845e330eec32894f5105529db97496ee3f598478e50f008c5352a41a30e5e72ec9de8a542b5a570b85699cd63bd2bc646dbcb9f311d83bc4
  languageName: node
  linkType: hard

"esbuild@npm:^0.27.0":
  version: 0.27.7
  resolution: "esbuild@npm:0.27.7"
  dependencies:
    "@esbuild/aix-ppc64": "npm:0.27.7"
    "@esbuild/android-arm": "npm:0.27.7"
    "@esbuild/android-arm64": "npm:0.27.7"
    "@esbuild/android-x64": "npm:0.27.7"
    "@esbuild/darwin-arm64": "npm:0.27.7"
    "@esbuild/darwin-x64": "npm:0.27.7"
    "@esbuild/freebsd-arm64": "npm:0.27.7"
    "@esbuild/freebsd-x64": "npm:0.27.7"
    "@esbuild/linux-arm": "npm:0.27.7"
    "@esbuild/linux-arm64": "npm:0.27.7"
    "@esbuild/linux-ia32": "npm:0.27.7"
    "@esbuild/linux-loong64": "npm:0.27.7"
    "@esbuild/linux-mips64el": "npm:0.27.7"
    "@esbuild/linux-ppc64": "npm:0.27.7"
    "@esbuild/linux-riscv64": "npm:0.27.7"
    "@esbuild/linux-s390x": "npm:0.27.7"
    "@esbuild/linux-x64": "npm:0.27.7"
    "@esbuild/netbsd-arm64": "npm:0.27.7"
    "@esbuild/netbsd-x64": "npm:0.27.7"
    "@esbuild/openbsd-arm64": "npm:0.27.7"
    "@esbuild/openbsd-x64": "npm:0.27.7"
    "@esbuild/openharmony-arm64": "npm:0.27.7"
    "@esbuild/sunos-x64": "npm:0.27.7"
    "@esbuild/win32-arm64": "npm:0.27.7"
    "@esbuild/win32-ia32": "npm:0.27.7"
    "@esbuild/win32-x64": "npm:0.27.7"
  dependenciesMeta:
    "@esbuild/aix-ppc64":
      optional: true
    "@esbuild/android-arm":
      optional: true
    "@esbuild/android-arm64":
      optional: true
    "@esbuild/android-x64":
      optional: true
    "@esbuild/darwin-arm64":
      optional: true
    "@esbuild/darwin-x64":
      optional: true
    "@esbuild/freebsd-arm64":
      optional: true
    "@esbuild/freebsd-x64":
      optional: true
    "@esbuild/linux-arm":
      optional: true
    "@esbuild/linux-arm64":
      optional: true
    "@esbuild/linux-ia32":
      optional: true
    "@esbuild/linux-loong64":
      optional: true
    "@esbuild/linux-mips64el":
      optional: true
    "@esbuild/linux-ppc64":
      optional: true
    "@esbuild/linux-riscv64":
      optional: true
    "@esbuild/linux-s390x":
      optional: true
    "@esbuild/linux-x64":
      optional: true
    "@esbuild/netbsd-arm64":
      optional: true
    "@esbuild/netbsd-x64":
      optional: true
    "@esbuild/openbsd-arm64":
      optional: true
    "@esbuild/openbsd-x64":
      optional: true
    "@esbuild/openharmony-arm64":
      optional: true
    "@esbuild/sunos-x64":
      optional: true
    "@esbuild/win32-arm64":
      optional: true
    "@esbuild/win32-ia32":
      optional: true
    "@esbuild/win32-x64":
      optional: true
  bin:
    esbuild: bin/esbuild
  checksum: 10c0/ccd51f0555708bc9ff4ec9dc3ac92d3daacd45ecaac949ca8645984c5c323bf8cefe98c2df307418685e0b4ce37f9a3bdbfe8e3651fe632a0059a436195a17d4
  languageName: node
  linkType: hard

"eslint-visitor-keys@npm:^3.4.3":
  version: 3.4.3
  resolution: "eslint-visitor-keys@npm:3.4.3"
  checksum: 10c0/92708e882c0a5ffd88c23c0b404ac1628cf20104a108c745f240a13c332a11aac54f49a22d5762efbffc18ecbc9a580d1b7ad034bf5f3cc3307e5cbff2ec9820
  languageName: node
  linkType: hard

"eslint-visitor-keys@npm:^5.0.0":
  version: 5.0.1
  resolution: "eslint-visitor-keys@npm:5.0.1"
  checksum: 10c0/16190bdf2cbae40a1109384c94450c526a79b0b9c3cb21e544256ed85ac48a4b84db66b74a6561d20fe6ab77447f150d711c2ad5ad74df4fcc133736bce99678
  languageName: node
  linkType: hard

"exponential-backoff@npm:^3.1.1":
  version: 3.1.3
  resolution: "exponential-backoff@npm:3.1.3"
  checksum: 10c0/77e3ae682b7b1f4972f563c6dbcd2b0d54ac679e62d5d32f3e5085feba20483cf28bd505543f520e287a56d4d55a28d7874299941faf637e779a1aa5994d1267
  languageName: node
  linkType: hard

"fdir@npm:^6.5.0":
  version: 6.5.0
  resolution: "fdir@npm:6.5.0"
  peerDependencies:
    picomatch: ^3 || ^4
  peerDependenciesMeta:
    picomatch:
      optional: true
  checksum: 10c0/e345083c4306b3aed6cb8ec551e26c36bab5c511e99ea4576a16750ddc8d3240e63826cc624f5ae17ad4dc82e68a253213b60d556c11bfad064b7607847ed07f
  languageName: node
  linkType: hard

"fill-range@npm:^7.1.1":
  version: 7.1.1
  resolution: "fill-range@npm:7.1.1"
  dependencies:
    to-regex-range: "npm:^5.0.1"
  checksum: 10c0/b75b691bbe065472f38824f694c2f7449d7f5004aa950426a2c28f0306c60db9b880c0b0e4ed819997ffb882d1da02cfcfc819bddc94d71627f5269682edf018
  languageName: node
  linkType: hard

"fsevents@npm:~2.3.2, fsevents@npm:~2.3.3":
  version: 2.3.3
  resolution: "fsevents@npm:2.3.3"
  dependencies:
    node-gyp: "npm:latest"
  checksum: 10c0/a1f0c44595123ed717febbc478aa952e47adfc28e2092be66b8ab1635147254ca6cfe1df792a8997f22716d4cbafc73309899ff7bfac2ac3ad8cf2e4ecc3ec60
  conditions: os=darwin
  languageName: node
  linkType: hard

"fsevents@patch:fsevents@npm%3A~2.3.2#optional!builtin<compat/fsevents>, fsevents@patch:fsevents@npm%3A~2.3.3#optional!builtin<compat/fsevents>":
  version: 2.3.3
  resolution: "fsevents@patch:fsevents@npm%3A2.3.3#optional!builtin<compat/fsevents>::version=2.3.3&hash=df0bf1"
  dependencies:
    node-gyp: "npm:latest"
  conditions: os=darwin
  languageName: node
  linkType: hard

"glob-parent@npm:~5.1.2":
  version: 5.1.2
  resolution: "glob-parent@npm:5.1.2"
  dependencies:
    is-glob: "npm:^4.0.1"
  checksum: 10c0/cab87638e2112bee3f839ef5f6e0765057163d39c66be8ec1602f3823da4692297ad4e972de876ea17c44d652978638d2fd583c6713d0eb6591706825020c9ee
  languageName: node
  linkType: hard

"graceful-fs@npm:^4.2.6":
  version: 4.2.11
  resolution: "graceful-fs@npm:4.2.11"
  checksum: 10c0/386d011a553e02bc594ac2ca0bd6d9e4c22d7fa8cfbfc448a6d148c59ea881b092db9dbe3547ae4b88e55f1b01f7c4a2ecc53b310c042793e63aa44cf6c257f2
  languageName: node
  linkType: hard

"ignore@npm:^7.0.5":
  version: 7.0.5
  resolution: "ignore@npm:7.0.5"
  checksum: 10c0/ae00db89fe873064a093b8999fe4cc284b13ef2a178636211842cceb650b9c3e390d3339191acb145d81ed5379d2074840cf0c33a20bdbd6f32821f79eb4ad5d
  languageName: node
  linkType: hard

"is-binary-path@npm:~2.1.0":
  version: 2.1.0
  resolution: "is-binary-path@npm:2.1.0"
  dependencies:
    binary-extensions: "npm:^2.0.0"
  checksum: 10c0/a16eaee59ae2b315ba36fad5c5dcaf8e49c3e27318f8ab8fa3cdb8772bf559c8d1ba750a589c2ccb096113bb64497084361a25960899cb6172a6925ab6123d38
  languageName: node
  linkType: hard

"is-extglob@npm:^2.1.1":
  version: 2.1.1
  resolution: "is-extglob@npm:2.1.1"
  checksum: 10c0/5487da35691fbc339700bbb2730430b07777a3c21b9ebaecb3072512dfd7b4ba78ac2381a87e8d78d20ea08affb3f1971b4af629173a6bf435ff8a4c47747912
  languageName: node
  linkType: hard

"is-glob@npm:^4.0.1, is-glob@npm:~4.0.1":
  version: 4.0.3
  resolution: "is-glob@npm:4.0.3"
  dependencies:
    is-extglob: "npm:^2.1.1"
  checksum: 10c0/17fb4014e22be3bbecea9b2e3a76e9e34ff645466be702f1693e8f1ee1adac84710d0be0bd9f967d6354036fd51ab7c2741d954d6e91dae6bb69714de92c197a
  languageName: node
  linkType: hard

"is-number@npm:^7.0.0":
  version: 7.0.0
  resolution: "is-number@npm:7.0.0"
  checksum: 10c0/b4686d0d3053146095ccd45346461bc8e53b80aeb7671cc52a4de02dbbf7dc0d1d2a986e2fe4ae206984b4d34ef37e8b795ebc4f4295c978373e6575e295d811
  languageName: node
  linkType: hard

"isexe@npm:^2.0.0":
  version: 2.0.0
  resolution: "isexe@npm:2.0.0"
  checksum: 10c0/228cfa503fadc2c31596ab06ed6aa82c9976eec2bfd83397e7eaf06d0ccf42cd1dfd6743bf9aeb01aebd4156d009994c5f76ea898d2832c1fe342da923ca457d
  languageName: node
  linkType: hard

"isexe@npm:^3.1.1":
  version: 3.1.5
  resolution: "isexe@npm:3.1.5"
  checksum: 10c0/8be2973a09f2f804ea1f34bfccfd5ea219ef48083bdb12107fe5bcf96b3e36b85084409e1b09ddaf2fae8927fdd9f6d70d90baadb78caa1ca7c530935706c8a4
  languageName: node
  linkType: hard

"isexe@npm:^4.0.0":
  version: 4.0.0
  resolution: "isexe@npm:4.0.0"
  checksum: 10c0/5884815115bceac452877659a9c7726382531592f43dc29e5d48b7c4100661aed54018cb90bd36cb2eaeba521092570769167acbb95c18d39afdccbcca06c5ce
  languageName: node
  linkType: hard

"json-parse-even-better-errors@npm:^4.0.0":
  version: 4.0.0
  resolution: "json-parse-even-better-errors@npm:4.0.0"
  checksum: 10c0/84cd9304a97e8fb2af3937bf53acb91c026aeb859703c332684e688ea60db27fc2242aa532a84e1883fdcbe1e5c1fb57c2bef38e312021aa1cd300defc63cf16
  languageName: node
  linkType: hard

"memorystream@npm:^0.3.1":
  version: 0.3.1
  resolution: "memorystream@npm:0.3.1"
  checksum: 10c0/4bd164657711d9747ff5edb0508b2944414da3464b7fe21ac5c67cf35bba975c4b446a0124bd0f9a8be54cfc18faf92e92bd77563a20328b1ccf2ff04e9f39b9
  languageName: node
  linkType: hard

"minimatch@npm:^10.2.2":
  version: 10.2.5
  resolution: "minimatch@npm:10.2.5"
  dependencies:
    brace-expansion: "npm:^5.0.5"
  checksum: 10c0/6bb058bd6324104b9ec2f763476a35386d05079c1f5fe4fbf1f324a25237cd4534d6813ecd71f48208f4e635c1221899bef94c3c89f7df55698fe373aaae20fd
  languageName: node
  linkType: hard

"minipass@npm:^7.0.4, minipass@npm:^7.1.2":
  version: 7.1.3
  resolution: "minipass@npm:7.1.3"
  checksum: 10c0/539da88daca16533211ea5a9ee98dc62ff5742f531f54640dd34429e621955e91cc280a91a776026264b7f9f6735947629f920944e9c1558369e8bf22eb33fbb
  languageName: node
  linkType: hard

"minizlib@npm:^3.1.0":
  version: 3.1.0
  resolution: "minizlib@npm:3.1.0"
  dependencies:
    minipass: "npm:^7.1.2"
  checksum: 10c0/5aad75ab0090b8266069c9aabe582c021ae53eb33c6c691054a13a45db3b4f91a7fb1bd79151e6b4e9e9a86727b522527c0a06ec7d45206b745d54cd3097bcec
  languageName: node
  linkType: hard

"ms@npm:^2.1.3":
  version: 2.1.3
  resolution: "ms@npm:2.1.3"
  checksum: 10c0/d924b57e7312b3b63ad21fc5b3dc0af5e78d61a1fc7cfb5457edaf26326bf62be5307cc87ffb6862ef1c2b33b0233cdb5d4f01c4c958cc0d660948b65a287a48
  languageName: node
  linkType: hard

"nanoid@npm:^3.3.11":
  version: 3.3.11
  resolution: "nanoid@npm:3.3.11"
  bin:
    nanoid: bin/nanoid.cjs
  checksum: 10c0/40e7f70b3d15f725ca072dfc4f74e81fcf1fbb02e491cf58ac0c79093adc9b0a73b152bcde57df4b79cd097e13023d7504acb38404a4da7bc1cd8e887b82fe0b
  languageName: node
  linkType: hard

"natural-compare@npm:^1.4.0":
  version: 1.4.0
  resolution: "natural-compare@npm:1.4.0"
  checksum: 10c0/f5f9a7974bfb28a91afafa254b197f0f22c684d4a1731763dda960d2c8e375b36c7d690e0d9dc8fba774c537af14a7e979129bca23d88d052fbeb9466955e447
  languageName: node
  linkType: hard

"node-addon-api@npm:^8.2.1":
  version: 8.7.0
  resolution: "node-addon-api@npm:8.7.0"
  dependencies:
    node-gyp: "npm:latest"
  checksum: 10c0/31a03b00f6b0753ab08360952fdf80a1abb619dcf8125fa1ab07e3a414da050963440c3a86c77a0334c0be7a71acb5e242dc468b79201ee6151c7b943afe946d
  languageName: node
  linkType: hard

"node-gyp-build@npm:^4.8.2":
  version: 4.8.4
  resolution: "node-gyp-build@npm:4.8.4"
  bin:
    node-gyp-build: bin.js
    node-gyp-build-optional: optional.js
    node-gyp-build-test: build-test.js
  checksum: 10c0/444e189907ece2081fe60e75368784f7782cfddb554b60123743dfb89509df89f1f29c03bbfa16b3a3e0be3f48799a4783f487da6203245fa5bed239ba7407e1
  languageName: node
  linkType: hard

"node-gyp@npm:latest":
  version: 12.3.0
  resolution: "node-gyp@npm:12.3.0"
  dependencies:
    env-paths: "npm:^2.2.0"
    exponential-backoff: "npm:^3.1.1"
    graceful-fs: "npm:^4.2.6"
    nopt: "npm:^9.0.0"
    proc-log: "npm:^6.0.0"
    semver: "npm:^7.3.5"
    tar: "npm:^7.5.4"
    tinyglobby: "npm:^0.2.12"
    undici: "npm:^6.25.0"
    which: "npm:^6.0.0"
  bin:
    node-gyp: bin/node-gyp.js
  checksum: 10c0/9d9032b405cbe42f72a105259d9eb679376470c102df4a2dbaa51e07d59bf741dcffb85897087ea9d8318b9cabb824a8978af51508ae142f0239ae1e6a3c2329
  languageName: node
  linkType: hard

"nopt@npm:^9.0.0":
  version: 9.0.0
  resolution: "nopt@npm:9.0.0"
  dependencies:
    abbrev: "npm:^4.0.0"
  bin:
    nopt: bin/nopt.js
  checksum: 10c0/1822eb6f9b020ef6f7a7516d7b64a8036e09666ea55ac40416c36e4b2b343122c3cff0e2f085675f53de1d2db99a2a89a60ccea1d120bcd6a5347bf6ceb4a7fd
  languageName: node
  linkType: hard

"normalize-path@npm:^3.0.0, normalize-path@npm:~3.0.0":
  version: 3.0.0
  resolution: "normalize-path@npm:3.0.0"
  checksum: 10c0/e008c8142bcc335b5e38cf0d63cfd39d6cf2d97480af9abdbe9a439221fd4d749763bab492a8ee708ce7a194bb00c9da6d0a115018672310850489137b3da046
  languageName: node
  linkType: hard

"npm-normalize-package-bin@npm:^4.0.0":
  version: 4.0.0
  resolution: "npm-normalize-package-bin@npm:4.0.0"
  checksum: 10c0/1fa546fcae8eaab61ef9b9ec237b6c795008da50e1883eae030e9e38bb04ffa32c5aabcef9a0400eae3dc1f91809bcfa85e437ce80d677c69b419d1d9cacf0ab
  languageName: node
  linkType: hard

"npm-run-all2@npm:^8.0.4":
  version: 8.0.4
  resolution: "npm-run-all2@npm:8.0.4"
  dependencies:
    ansi-styles: "npm:^6.2.1"
    cross-spawn: "npm:^7.0.6"
    memorystream: "npm:^0.3.1"
    picomatch: "npm:^4.0.2"
    pidtree: "npm:^0.6.0"
    read-package-json-fast: "npm:^4.0.0"
    shell-quote: "npm:^1.7.3"
    which: "npm:^5.0.0"
  bin:
    npm-run-all: bin/npm-run-all/index.js
    npm-run-all2: bin/npm-run-all/index.js
    run-p: bin/run-p/index.js
    run-s: bin/run-s/index.js
  checksum: 10c0/cfc2987df224e55456629301991b5fa6980cc644d1836fe3c22d74a4508512737d30389795b759bb5d659103e54281c59741ecdc0241cfd2615cb9bffbf7cceb
  languageName: node
  linkType: hard

"p-map@npm:^7.0.4":
  version: 7.0.4
  resolution: "p-map@npm:7.0.4"
  checksum: 10c0/a5030935d3cb2919d7e89454d1ce82141e6f9955413658b8c9403cfe379283770ed3048146b44cde168aa9e8c716505f196d5689db0ae3ce9a71521a2fef3abd
  languageName: node
  linkType: hard

"path-key@npm:^3.1.0":
  version: 3.1.1
  resolution: "path-key@npm:3.1.1"
  checksum: 10c0/748c43efd5a569c039d7a00a03b58eecd1d75f3999f5a28303d75f521288df4823bc057d8784eb72358b2895a05f29a070bc9f1f17d28226cc4e62494cc58c4c
  languageName: node
  linkType: hard

"picocolors@npm:^1.1.1":
  version: 1.1.1
  resolution: "picocolors@npm:1.1.1"
  checksum: 10c0/e2e3e8170ab9d7c7421969adaa7e1b31434f789afb9b3f115f6b96d91945041ac3ceb02e9ec6fe6510ff036bcc0bf91e69a1772edc0b707e12b19c0f2d6bcf58
  languageName: node
  linkType: hard

"picomatch@npm:^2.0.4, picomatch@npm:^2.2.1":
  version: 2.3.2
  resolution: "picomatch@npm:2.3.2"
  checksum: 10c0/a554d1709e59be97d1acb9eaedbbc700a5c03dbd4579807baed95100b00420bc729335440ef15004ae2378984e2487a7c1cebd743cfdb72b6fa9ab69223c0d61
  languageName: node
  linkType: hard

"picomatch@npm:^4.0.2, picomatch@npm:^4.0.3, picomatch@npm:^4.0.4":
  version: 4.0.4
  resolution: "picomatch@npm:4.0.4"
  checksum: 10c0/e2c6023372cc7b5764719a5ffb9da0f8e781212fa7ca4bd0562db929df8e117460f00dff3cb7509dacfc06b86de924b247f504d0ce1806a37fac4633081466b0
  languageName: node
  linkType: hard

"pidtree@npm:^0.6.0":
  version: 0.6.0
  resolution: "pidtree@npm:0.6.0"
  bin:
    pidtree: bin/pidtree.js
  checksum: 10c0/0829ec4e9209e230f74ebf4265f5ccc9ebfb488334b525cb13f86ff801dca44b362c41252cd43ae4d7653a10a5c6ab3be39d2c79064d6895e0d78dc50a5ed6e9
  languageName: node
  linkType: hard

"postcss@npm:^8.5.6":
  version: 8.5.10
  resolution: "postcss@npm:8.5.10"
  dependencies:
    nanoid: "npm:^3.3.11"
    picocolors: "npm:^1.1.1"
    source-map-js: "npm:^1.2.1"
  checksum: 10c0/c592dffa0c4873b401f01955b265538d9942f425040df5e2b8f0ad34c83773a792ea0fa5859ccc99cfb5b955b4ebff118ab7056315388dc83b107b0fa8313576
  languageName: node
  linkType: hard

"proc-log@npm:^6.0.0":
  version: 6.1.0
  resolution: "proc-log@npm:6.1.0"
  checksum: 10c0/4f178d4062733ead9d71a9b1ab24ebcecdfe2250916a5b1555f04fe2eda972a0ec76fbaa8df1ad9c02707add6749219d118a4fc46dc56bdfe4dde4b47d80bb82
  languageName: node
  linkType: hard

"read-package-json-fast@npm:^4.0.0":
  version: 4.0.0
  resolution: "read-package-json-fast@npm:4.0.0"
  dependencies:
    json-parse-even-better-errors: "npm:^4.0.0"
    npm-normalize-package-bin: "npm:^4.0.0"
  checksum: 10c0/8a03509ae8e852f1abc4b109c1be571dd90ac9ea65d55433b2fe287e409113441a9b00df698288fe48aa786c1a2550569d47b5ab01ed83ada073d691d5aff582
  languageName: node
  linkType: hard

"readdirp@npm:~3.6.0":
  version: 3.6.0
  resolution: "readdirp@npm:3.6.0"
  dependencies:
    picomatch: "npm:^2.2.1"
  checksum: 10c0/6fa848cf63d1b82ab4e985f4cf72bd55b7dcfd8e0a376905804e48c3634b7e749170940ba77b32804d5fe93b3cc521aa95a8d7e7d725f830da6d93f3669ce66b
  languageName: node
  linkType: hard

"rollup@npm:^4.43.0":
  version: 4.60.2
  resolution: "rollup@npm:4.60.2"
  dependencies:
    "@rollup/rollup-android-arm-eabi": "npm:4.60.2"
    "@rollup/rollup-android-arm64": "npm:4.60.2"
    "@rollup/rollup-darwin-arm64": "npm:4.60.2"
    "@rollup/rollup-darwin-x64": "npm:4.60.2"
    "@rollup/rollup-freebsd-arm64": "npm:4.60.2"
    "@rollup/rollup-freebsd-x64": "npm:4.60.2"
    "@rollup/rollup-linux-arm-gnueabihf": "npm:4.60.2"
    "@rollup/rollup-linux-arm-musleabihf": "npm:4.60.2"
    "@rollup/rollup-linux-arm64-gnu": "npm:4.60.2"
    "@rollup/rollup-linux-arm64-musl": "npm:4.60.2"
    "@rollup/rollup-linux-loong64-gnu": "npm:4.60.2"
    "@rollup/rollup-linux-loong64-musl": "npm:4.60.2"
    "@rollup/rollup-linux-ppc64-gnu": "npm:4.60.2"
    "@rollup/rollup-linux-ppc64-musl": "npm:4.60.2"
    "@rollup/rollup-linux-riscv64-gnu": "npm:4.60.2"
    "@rollup/rollup-linux-riscv64-musl": "npm:4.60.2"
    "@rollup/rollup-linux-s390x-gnu": "npm:4.60.2"
    "@rollup/rollup-linux-x64-gnu": "npm:4.60.2"
    "@rollup/rollup-linux-x64-musl": "npm:4.60.2"
    "@rollup/rollup-openbsd-x64": "npm:4.60.2"
    "@rollup/rollup-openharmony-arm64": "npm:4.60.2"
    "@rollup/rollup-win32-arm64-msvc": "npm:4.60.2"
    "@rollup/rollup-win32-ia32-msvc": "npm:4.60.2"
    "@rollup/rollup-win32-x64-gnu": "npm:4.60.2"
    "@rollup/rollup-win32-x64-msvc": "npm:4.60.2"
    "@types/estree": "npm:1.0.8"
    fsevents: "npm:~2.3.2"
  dependenciesMeta:
    "@rollup/rollup-android-arm-eabi":
      optional: true
    "@rollup/rollup-android-arm64":
      optional: true
    "@rollup/rollup-darwin-arm64":
      optional: true
    "@rollup/rollup-darwin-x64":
      optional: true
    "@rollup/rollup-freebsd-arm64":
      optional: true
    "@rollup/rollup-freebsd-x64":
      optional: true
    "@rollup/rollup-linux-arm-gnueabihf":
      optional: true
    "@rollup/rollup-linux-arm-musleabihf":
      optional: true
    "@rollup/rollup-linux-arm64-gnu":
      optional: true
    "@rollup/rollup-linux-arm64-musl":
      optional: true
    "@rollup/rollup-linux-loong64-gnu":
      optional: true
    "@rollup/rollup-linux-loong64-musl":
      optional: true
    "@rollup/rollup-linux-ppc64-gnu":
      optional: true
    "@rollup/rollup-linux-ppc64-musl":
      optional: true
    "@rollup/rollup-linux-riscv64-gnu":
      optional: true
    "@rollup/rollup-linux-riscv64-musl":
      optional: true
    "@rollup/rollup-linux-s390x-gnu":
      optional: true
    "@rollup/rollup-linux-x64-gnu":
      optional: true
    "@rollup/rollup-linux-x64-musl":
      optional: true
    "@rollup/rollup-openbsd-x64":
      optional: true
    "@rollup/rollup-openharmony-arm64":
      optional: true
    "@rollup/rollup-win32-arm64-msvc":
      optional: true
    "@rollup/rollup-win32-ia32-msvc":
      optional: true
    "@rollup/rollup-win32-x64-gnu":
      optional: true
    "@rollup/rollup-win32-x64-msvc":
      optional: true
    fsevents:
      optional: true
  bin:
    rollup: dist/bin/rollup
  checksum: 10c0/f67d6156fc5b895f33b929a4762392906d00fa5550f0a1f5e66519ab1c05d835aec5f201b4e748c29d1c87f024d3d9c4b0a2d1285668456db661d82b961d379c
  languageName: node
  linkType: hard

"semver@npm:^7.3.5, semver@npm:^7.7.3":
  version: 7.7.4
  resolution: "semver@npm:7.7.4"
  bin:
    semver: bin/semver.js
  checksum: 10c0/5215ad0234e2845d4ea5bb9d836d42b03499546ddafb12075566899fc617f68794bb6f146076b6881d755de17d6c6cc73372555879ec7dce2c2feee947866ad2
  languageName: node
  linkType: hard

"shebang-command@npm:^2.0.0":
  version: 2.0.0
  resolution: "shebang-command@npm:2.0.0"
  dependencies:
    shebang-regex: "npm:^3.0.0"
  checksum: 10c0/a41692e7d89a553ef21d324a5cceb5f686d1f3c040759c50aab69688634688c5c327f26f3ecf7001ebfd78c01f3c7c0a11a7c8bfd0a8bc9f6240d4f40b224e4e
  languageName: node
  linkType: hard

"shebang-regex@npm:^3.0.0":
  version: 3.0.0
  resolution: "shebang-regex@npm:3.0.0"
  checksum: 10c0/1dbed0726dd0e1152a92696c76c7f06084eb32a90f0528d11acd764043aacf76994b2fb30aa1291a21bd019d6699164d048286309a278855ee7bec06cf6fb690
  languageName: node
  linkType: hard

"shell-quote@npm:^1.7.3":
  version: 1.8.3
  resolution: "shell-quote@npm:1.8.3"
  checksum: 10c0/bee87c34e1e986cfb4c30846b8e6327d18874f10b535699866f368ade11ea4ee45433d97bf5eada22c4320c27df79c3a6a7eb1bf3ecfc47f2c997d9e5e2672fd
  languageName: node
  linkType: hard

"source-map-js@npm:^1.2.1":
  version: 1.2.1
  resolution: "source-map-js@npm:1.2.1"
  checksum: 10c0/7bda1fc4c197e3c6ff17de1b8b2c20e60af81b63a52cb32ec5a5d67a20a7d42651e2cb34ebe93833c5a2a084377e17455854fee3e21e7925c64a51b6a52b0faf
  languageName: node
  linkType: hard

"tar@npm:^7.5.4":
  version: 7.5.13
  resolution: "tar@npm:7.5.13"
  dependencies:
    "@isaacs/fs-minipass": "npm:^4.0.0"
    chownr: "npm:^3.0.0"
    minipass: "npm:^7.1.2"
    minizlib: "npm:^3.1.0"
    yallist: "npm:^5.0.0"
  checksum: 10c0/5c65b8084799bde7a791593a1c1a45d3d6ee98182e3700b24c247b7b8f8654df4191642abbdb07ff25043d45dcff35620827c3997b88ae6c12040f64bed5076b
  languageName: node
  linkType: hard

"tinyglobby@npm:^0.2.12, tinyglobby@npm:^0.2.15":
  version: 0.2.16
  resolution: "tinyglobby@npm:0.2.16"
  dependencies:
    fdir: "npm:^6.5.0"
    picomatch: "npm:^4.0.4"
  checksum: 10c0/f2e09fd93dd95c41e522113b686ff6f7c13020962f8698a864a257f3d7737599afc47722b7ab726e12f8a813f779906187911ff8ee6701ede65072671a7e934b
  languageName: node
  linkType: hard

"to-regex-range@npm:^5.0.1":
  version: 5.0.1
  resolution: "to-regex-range@npm:5.0.1"
  dependencies:
    is-number: "npm:^7.0.0"
  checksum: 10c0/487988b0a19c654ff3e1961b87f471702e708fa8a8dd02a298ef16da7206692e8552a0250e8b3e8759270f62e9d8314616f6da274734d3b558b1fc7b7724e892
  languageName: node
  linkType: hard

"tree-sitter-cli@npm:0.24.5":
  version: 0.24.5
  resolution: "tree-sitter-cli@npm:0.24.5"
  bin:
    tree-sitter: cli.js
  checksum: 10c0/60bcc1797b640dbf245df5e35cbe52c0a33395ef330a8c7a04c0a6c2977ea2f6ecb4d0afa2053da0f2622c34b3b8d771b6b27b600eb24371e4a845cdec09b515
  languageName: node
  linkType: hard

"tree-sitter@npm:0.22.1":
  version: 0.22.1
  resolution: "tree-sitter@npm:0.22.1"
  dependencies:
    node-addon-api: "npm:^8.2.1"
    node-gyp: "npm:latest"
    node-gyp-build: "npm:^4.8.2"
  checksum: 10c0/9cc7a09915a70a7588d802a080a13df0365dc9159092b3abb3fe65d24f1053eb61ea18f934ad15676cfc532b151c0c54fb2e0c8dbf2a68a98fcaa223cf448965
  languageName: node
  linkType: hard

"ts-api-utils@npm:^2.5.0":
  version: 2.5.0
  resolution: "ts-api-utils@npm:2.5.0"
  peerDependencies:
    typescript: ">=4.8.4"
  checksum: 10c0/767849383c114e7f1971fa976b20e73ac28fd0c70d8d65c0004790bf4d8f89888c7e4cf6d5949f9c1beae9bc3c64835bef77bbe27fddf45a3c7b60cebcf85c8c
  languageName: node
  linkType: hard

"typescript-eslint@npm:^8.57.0":
  version: 8.59.0
  resolution: "typescript-eslint@npm:8.59.0"
  dependencies:
    "@typescript-eslint/eslint-plugin": "npm:8.59.0"
    "@typescript-eslint/parser": "npm:8.59.0"
    "@typescript-eslint/typescript-estree": "npm:8.59.0"
    "@typescript-eslint/utils": "npm:8.59.0"
  peerDependencies:
    eslint: ^8.57.0 || ^9.0.0 || ^10.0.0
    typescript: ">=4.8.4 <6.1.0"
  checksum: 10c0/b14b4bf6878e9745d92c0bc2b3c68ea29e8e524037a10e05873ad58b0dd1961313c05f406273b99c4128fd49bde2d9b3233bcec636896e9a70ed8167a3d0a9c5
  languageName: node
  linkType: hard

"typescript@npm:~5.9.3":
  version: 5.9.3
  resolution: "typescript@npm:5.9.3"
  bin:
    tsc: bin/tsc
    tsserver: bin/tsserver
  checksum: 10c0/6bd7552ce39f97e711db5aa048f6f9995b53f1c52f7d8667c1abdc1700c68a76a308f579cd309ce6b53646deb4e9a1be7c813a93baaf0a28ccd536a30270e1c5
  languageName: node
  linkType: hard

"typescript@patch:typescript@npm%3A~5.9.3#optional!builtin<compat/typescript>":
  version: 5.9.3
  resolution: "typescript@patch:typescript@npm%3A5.9.3#optional!builtin<compat/typescript>::version=5.9.3&hash=5786d5"
  bin:
    tsc: bin/tsc
    tsserver: bin/tsserver
  checksum: 10c0/ad09fdf7a756814dce65bc60c1657b40d44451346858eea230e10f2e95a289d9183b6e32e5c11e95acc0ccc214b4f36289dcad4bf1886b0adb84d711d336a430
  languageName: node
  linkType: hard

"undici-types@npm:~7.16.0":
  version: 7.16.0
  resolution: "undici-types@npm:7.16.0"
  checksum: 10c0/3033e2f2b5c9f1504bdc5934646cb54e37ecaca0f9249c983f7b1fc2e87c6d18399ebb05dc7fd5419e02b2e915f734d872a65da2e3eeed1813951c427d33cc9a
  languageName: node
  linkType: hard

"undici@npm:^6.25.0":
  version: 6.25.0
  resolution: "undici@npm:6.25.0"
  checksum: 10c0/2597cc6689bdb02c210c557b1f85febbfda65becae6e6fc1061508e2f33734d25207f81cd8af56ada9956329eb3a7bd7431e87dcfeceba20ee87059b57dcf985
  languageName: node
  linkType: hard

"vite-plugin-static-copy@npm:^3.2.0":
  version: 3.4.0
  resolution: "vite-plugin-static-copy@npm:3.4.0"
  dependencies:
    chokidar: "npm:^3.6.0"
    p-map: "npm:^7.0.4"
    picocolors: "npm:^1.1.1"
    tinyglobby: "npm:^0.2.15"
  peerDependencies:
    vite: ^5.0.0 || ^6.0.0 || ^7.0.0 || ^8.0.0
  checksum: 10c0/bf23c1fbd307562f6337ad2ddc1e0d9219da0ca554c9f963fe16c1c1a8ea2c6f404fb15c0a50e922fe1db38393c0c091a4742ee05ef5414d5b77443bdbd3cca0
  languageName: node
  linkType: hard

"vite@npm:^7.3.1":
  version: 7.3.2
  resolution: "vite@npm:7.3.2"
  dependencies:
    esbuild: "npm:^0.27.0"
    fdir: "npm:^6.5.0"
    fsevents: "npm:~2.3.3"
    picomatch: "npm:^4.0.3"
    postcss: "npm:^8.5.6"
    rollup: "npm:^4.43.0"
    tinyglobby: "npm:^0.2.15"
  peerDependencies:
    "@types/node": ^20.19.0 || >=22.12.0
    jiti: ">=1.21.0"
    less: ^4.0.0
    lightningcss: ^1.21.0
    sass: ^1.70.0
    sass-embedded: ^1.70.0
    stylus: ">=0.54.8"
    sugarss: ^5.0.0
    terser: ^5.16.0
    tsx: ^4.8.1
    yaml: ^2.4.2
  dependenciesMeta:
    fsevents:
      optional: true
  peerDependenciesMeta:
    "@types/node":
      optional: true
    jiti:
      optional: true
    less:
      optional: true
    lightningcss:
      optional: true
    sass:
      optional: true
    sass-embedded:
      optional: true
    stylus:
      optional: true
    sugarss:
      optional: true
    terser:
      optional: true
    tsx:
      optional: true
    yaml:
      optional: true
  bin:
    vite: bin/vite.js
  checksum: 10c0/74be36907e208916f18bfec81c8eba18b869f0a170f1ece0a4dcb14874d0f0e7c022fb6c2ad896e3ee6c973fe88f53ac23b4078879ada340d8b263260868b8d4
  languageName: node
  linkType: hard

"web-tree-sitter@npm:0.24.5":
  version: 0.24.5
  resolution: "web-tree-sitter@npm:0.24.5"
  checksum: 10c0/e6b88e4967227ab4272fb20a063882fe877c6a948a0367e6fae324807a31f082151f5110f1f2beeddba98714af20bc13cb6b62aac6aad986e24da31796ba1ce1
  languageName: node
  linkType: hard

"which@npm:^2.0.1":
  version: 2.0.2
  resolution: "which@npm:2.0.2"
  dependencies:
    isexe: "npm:^2.0.0"
  bin:
    node-which: ./bin/node-which
  checksum: 10c0/66522872a768b60c2a65a57e8ad184e5372f5b6a9ca6d5f033d4b0dc98aff63995655a7503b9c0a2598936f532120e81dd8cc155e2e92ed662a2b9377cc4374f
  languageName: node
  linkType: hard

"which@npm:^5.0.0":
  version: 5.0.0
  resolution: "which@npm:5.0.0"
  dependencies:
    isexe: "npm:^3.1.1"
  bin:
    node-which: bin/which.js
  checksum: 10c0/e556e4cd8b7dbf5df52408c9a9dd5ac6518c8c5267c8953f5b0564073c66ed5bf9503b14d876d0e9c7844d4db9725fb0dcf45d6e911e17e26ab363dc3965ae7b
  languageName: node
  linkType: hard

"which@npm:^6.0.0":
  version: 6.0.1
  resolution: "which@npm:6.0.1"
  dependencies:
    isexe: "npm:^4.0.0"
  bin:
    node-which: bin/which.js
  checksum: 10c0/7e710e54ea36d2d6183bee2f9caa27a3b47b9baf8dee55a199b736fcf85eab3b9df7556fca3d02b50af7f3dfba5ea3a45644189836df06267df457e354da66d5
  languageName: node
  linkType: hard

"yallist@npm:^5.0.0":
  version: 5.0.0
  resolution: "yallist@npm:5.0.0"
  checksum: 10c0/a499c81ce6d4a1d260d4ea0f6d49ab4da09681e32c3f0472dee16667ed69d01dae63a3b81745a24bd78476ec4fcf856114cb4896ace738e01da34b2c42235416
  languageName: node
  linkType: hard
